
Microsoft Visual Studio Solution File, Format Version 12.00
# Visual Studio Version 18
VisualStudioVersion = 18.1.11304.174
MinimumVisualStudioVersion = 10.0.40219.1
Project("{FAE04EC0-301F-11D3-BF4B-00C04F79EFBC}") = "HealthWellbeingRoom", "HealthWellbeingRoom.csproj", "{CAABC780-DB0C-4B81-97BF-FF75DD99D5E7}"
EndProject
Global
	GlobalSection(SolutionConfigurationPlatforms) = preSolution
		Debug|Any CPU = Debug|Any CPU
		Release|Any CPU = Release|Any CPU
	EndGlobalSection
	GlobalSection(ProjectConfigurationPlatforms) = postSolution
		{CAABC780-DB0C-4B81-97BF-FF75DD99D5E7}.Debug|Any CPU.ActiveCfg = Debug|Any CPU
		{CAABC780-DB0C-4B81-97BF-FF75DD99D5E7}.Debug|Any CPU.Build.0 = Debug|Any CPU
		{CAABC780-DB0C-4B81-97BF-FF75DD99D5E7}.Release|Any CPU.ActiveCfg = Release|Any CPU
		{CAABC780-DB0C-4B81-97BF-FF75DD99D5E7}.Release|Any CPU.Build.0 = Release|Any CPU
	EndGlobalSection
	GlobalSection(SolutionProperties) = preSolution
		HideSolutionNode = FALSE
	EndGlobalSection
	GlobalSection(ExtensibilityGlobals) = postSolution
		SolutionGuid = {26A1E274-D281-47BC-A923-24AC183D7516}
	EndGlobalSection
EndGlobal
